<?xml version="1.0" encoding="utf-8"?>
<Project ToolsVersion="4.0" xmlns="http://schemas.microsoft.com/developer/msbuild/2003">
  <ItemGroup>
    <Filter Include="源文件">
      <UniqueIdentifier>{4FC737F1-C7A5-4376-A066-2A32D752A2FF}</UniqueIdentifier>
      <Extensions>cpp;c;cc;cxx;c++;cppm;ixx;def;odl;idl;hpj;bat;asm;asmx</Extensions>
    </Filter>
    <Filter Include="头文件">
      <UniqueIdentifier>{93995380-89BD-4b04-88EB-625FBE52EBFB}</UniqueIdentifier>
      <Extensions>h;hh;hpp;hxx;h++;hm;inl;inc;ipp;xsd</Extensions>
    </Filter>
    <Filter Include="资源文件">
      <UniqueIdentifier>{67DA6AB6-F800-4c08-8B7A-83BB121AAD01}</UniqueIdentifier>
      <Extensions>rc;ico;cur;bmp;dlg;rc2;rct;bin;rgs;gif;jpg;jpeg;jpe;resx;tiff;tif;png;wav;mfcribbon-ms</Extensions>
    </Filter>
  </ItemGroup>
  <ItemGroup>
    <ClInclude Include="..\..\include\nanogui\button.h">
      <Filter>头文件</Filter>
    </ClInclude>
    <ClInclude Include="..\..\include\nanogui\checkbox.h">
      <Filter>头文件</Filter>
    </ClInclude>
    <ClInclude Include="..\..\include\nanogui\colorpicker.h">
      <Filter>头文件</Filter>
    </ClInclude>
    <ClInclude Include="..\..\include\nanogui\colorwheel.h">
      <Filter>头文件</Filter>
    </ClInclude>
    <ClInclude Include="..\..\include\nanogui\combobox.h">
      <Filter>头文件</Filter>
    </ClInclude>
    <ClInclude Include="..\..\include\nanogui\common.h">
      <Filter>头文件</Filter>
    </ClInclude>
    <ClInclude Include="..\..\include\nanogui\formhelper.h">
      <Filter>头文件</Filter>
    </ClInclude>
    <ClInclude Include="..\..\include\nanogui\graph.h">
      <Filter>头文件</Filter>
    </ClInclude>
    <ClInclude Include="..\..\include\nanogui\icons.h">
      <Filter>头文件</Filter>
    </ClInclude>
    <ClInclude Include="..\..\include\nanogui\imagepanel.h">
      <Filter>头文件</Filter>
    </ClInclude>
    <ClInclude Include="..\..\include\nanogui\label.h">
      <Filter>头文件</Filter>
    </ClInclude>
    <ClInclude Include="..\..\include\nanogui\layout.h">
      <Filter>头文件</Filter>
    </ClInclude>
    <ClInclude Include="..\..\include\nanogui\messagedialog.h">
      <Filter>头文件</Filter>
    </ClInclude>
    <ClInclude Include="..\..\include\nanogui\metal.h">
      <Filter>头文件</Filter>
    </ClInclude>
    <ClInclude Include="..\..\include\nanogui\nanogui.h">
      <Filter>头文件</Filter>
    </ClInclude>
    <ClInclude Include="..\..\include\nanogui\object.h">
      <Filter>头文件</Filter>
    </ClInclude>
    <ClInclude Include="..\..\include\nanogui\opengl.h">
      <Filter>头文件</Filter>
    </ClInclude>
    <ClInclude Include="..\..\include\nanogui\popup.h">
      <Filter>头文件</Filter>
    </ClInclude>
    <ClInclude Include="..\..\include\nanogui\popupbutton.h">
      <Filter>头文件</Filter>
    </ClInclude>
    <ClInclude Include="..\..\include\nanogui\progressbar.h">
      <Filter>头文件</Filter>
    </ClInclude>
    <ClInclude Include="..\..\include\nanogui\python.h">
      <Filter>头文件</Filter>
    </ClInclude>
    <ClInclude Include="..\..\include\nanogui\renderpass.h">
      <Filter>头文件</Filter>
    </ClInclude>
    <ClInclude Include="..\..\include\nanogui\screen.h">
      <Filter>头文件</Filter>
    </ClInclude>
    <ClInclude Include="..\..\include\nanogui\shader.h">
      <Filter>头文件</Filter>
    </ClInclude>
    <ClInclude Include="..\..\include\nanogui\slider.h">
      <Filter>头文件</Filter>
    </ClInclude>
    <ClInclude Include="..\..\include\nanogui\tabwidget.h">
      <Filter>头文件</Filter>
    </ClInclude>
    <ClInclude Include="..\..\include\nanogui\textarea.h">
      <Filter>头文件</Filter>
    </ClInclude>
    <ClInclude Include="..\..\include\nanogui\textbox.h">
      <Filter>头文件</Filter>
    </ClInclude>
    <ClInclude Include="..\..\include\nanogui\theme.h">
      <Filter>头文件</Filter>
    </ClInclude>
    <ClInclude Include="..\..\include\nanogui\toolbutton.h">
      <Filter>头文件</Filter>
    </ClInclude>
    <ClInclude Include="..\..\include\nanogui\traits.h">
      <Filter>头文件</Filter>
    </ClInclude>
    <ClInclude Include="..\..\include\nanogui\vector.h">
      <Filter>头文件</Filter>
    </ClInclude>
    <ClInclude Include="..\..\include\nanogui\vscrollpanel.h">
      <Filter>头文件</Filter>
    </ClInclude>
    <ClInclude Include="..\..\include\nanogui\widget.h">
      <Filter>头文件</Filter>
    </ClInclude>
    <ClInclude Include="..\..\include\nanogui\window.h">
      <Filter>头文件</Filter>
    </ClInclude>
  </ItemGroup>
  <ItemGroup>
    <ClCompile Include="..\..\src\button.cpp">
      <Filter>源文件</Filter>
    </ClCompile>
    <ClCompile Include="..\..\src\checkbox.cpp">
      <Filter>源文件</Filter>
    </ClCompile>
    <ClCompile Include="..\..\src\colorpicker.cpp">
      <Filter>源文件</Filter>
    </ClCompile>
    <ClCompile Include="..\..\src\colorwheel.cpp">
      <Filter>源文件</Filter>
    </ClCompile>
    <ClCompile Include="..\..\src\combobox.cpp">
      <Filter>源文件</Filter>
    </ClCompile>
    <ClCompile Include="..\..\src\common.cpp">
      <Filter>源文件</Filter>
    </ClCompile>
    <ClCompile Include="..\..\src\graph.cpp">
      <Filter>源文件</Filter>
    </ClCompile>
    <ClCompile Include="..\..\src\imagepanel.cpp">
      <Filter>源文件</Filter>
    </ClCompile>
    <ClCompile Include="..\..\src\label.cpp">
      <Filter>源文件</Filter>
    </ClCompile>
    <ClCompile Include="..\..\src\layout.cpp">
      <Filter>源文件</Filter>
    </ClCompile>
    <ClCompile Include="..\..\src\messagedialog.cpp">
      <Filter>源文件</Filter>
    </ClCompile>
    <ClCompile Include="..\..\src\popup.cpp">
      <Filter>源文件</Filter>
    </ClCompile>
    <ClCompile Include="..\..\src\popupbutton.cpp">
      <Filter>源文件</Filter>
    </ClCompile>
    <ClCompile Include="..\..\src\progressbar.cpp">
      <Filter>源文件</Filter>
    </ClCompile>
    <ClCompile Include="..\..\src\screen.cpp">
      <Filter>源文件</Filter>
    </ClCompile>
    <ClCompile Include="..\..\src\shader.cpp">
      <Filter>源文件</Filter>
    </ClCompile>
    <ClCompile Include="..\..\src\slider.cpp">
      <Filter>源文件</Filter>
    </ClCompile>
    <ClCompile Include="..\..\src\tabwidget.cpp">
      <Filter>源文件</Filter>
    </ClCompile>
    <ClCompile Include="..\..\src\textarea.cpp">
      <Filter>源文件</Filter>
    </ClCompile>
    <ClCompile Include="..\..\src\textbox.cpp">
      <Filter>源文件</Filter>
    </ClCompile>
    <ClCompile Include="..\..\src\theme.cpp">
      <Filter>源文件</Filter>
    </ClCompile>
    <ClCompile Include="..\..\src\traits.cpp">
      <Filter>源文件</Filter>
    </ClCompile>
    <ClCompile Include="..\..\src\vscrollpanel.cpp">
      <Filter>源文件</Filter>
    </ClCompile>
    <ClCompile Include="..\..\src\widget.cpp">
      <Filter>源文件</Filter>
    </ClCompile>
    <ClCompile Include="..\..\src\window.cpp">
      <Filter>源文件</Filter>
    </ClCompile>
    <ClCompile Include="..\..\src\nanogui_resources.cpp">
      <Filter>源文件</Filter>
    </ClCompile>
  </ItemGroup>
</Project>